
Microsoft Visual Studio Solution File, Format Version 12.00
# Visual Studio Version 17
VisualStudioVersion = 17.11.35327.3
MinimumVisualStudioVersion = 10.0.40219.1
Project("{9A19103F-16F7-4668-BE54-9A1E7A4F7556}") = "WFInicial", "WFInicial\WFInicial.csproj", "{584445FF-4DF8-49FB-A612-E513B6C4E490}"
EndProject
Project("{9A19103F-16F7-4668-BE54-9A1E7A4F7556}") = "Cex1", "C_RevisãoPrimeiraAula\Cex1.csproj", "{28239515-F993-433A-A479-40B5DC8987F8}"
EndProject
Project("{FAE04EC0-301F-11D3-BF4B-00C04F79EFBC}") = "Cex2", "Cex2\Cex2.csproj", "{E3AB7B10-D74A-48B2-B94B-0AE4A5EF807A}"
EndProject
Project("{FAE04EC0-301F-11D3-BF4B-00C04F79EFBC}") = "Cex3", "Cex3\Cex3.csproj", "{C5D0743E-A777-4B85-A74B-20BCB8CE9D76}"
EndProject
Global
	GlobalSection(SolutionConfigurationPlatforms) = preSolution
		Debug|Any CPU = Debug|Any CPU
		Release|Any CPU = Release|Any CPU
	EndGlobalSection
	GlobalSection(ProjectConfigurationPlatforms) = postSolution
		{584445FF-4DF8-49FB-A612-E513B6C4E490}.Debug|Any CPU.ActiveCfg = Debug|Any CPU
		{584445FF-4DF8-49FB-A612-E513B6C4E490}.Debug|Any CPU.Build.0 = Debug|Any CPU
		{584445FF-4DF8-49FB-A612-E513B6C4E490}.Release|Any CPU.ActiveCfg = Release|Any CPU
		{584445FF-4DF8-49FB-A612-E513B6C4E490}.Release|Any CPU.Build.0 = Release|Any CPU
		{28239515-F993-433A-A479-40B5DC8987F8}.Debug|Any CPU.ActiveCfg = Debug|Any CPU
		{28239515-F993-433A-A479-40B5DC8987F8}.Debug|Any CPU.Build.0 = Debug|Any CPU
		{28239515-F993-433A-A479-40B5DC8987F8}.Release|Any CPU.ActiveCfg = Release|Any CPU
		{28239515-F993-433A-A479-40B5DC8987F8}.Release|Any CPU.Build.0 = Release|Any CPU
		{E3AB7B10-D74A-48B2-B94B-0AE4A5EF807A}.Debug|Any CPU.ActiveCfg = Debug|Any CPU
		{E3AB7B10-D74A-48B2-B94B-0AE4A5EF807A}.Debug|Any CPU.Build.0 = Debug|Any CPU
		{E3AB7B10-D74A-48B2-B94B-0AE4A5EF807A}.Release|Any CPU.ActiveCfg = Release|Any CPU
		{E3AB7B10-D74A-48B2-B94B-0AE4A5EF807A}.Release|Any CPU.Build.0 = Release|Any CPU
		{C5D0743E-A777-4B85-A74B-20BCB8CE9D76}.Debug|Any CPU.ActiveCfg = Debug|Any CPU
		{C5D0743E-A777-4B85-A74B-20BCB8CE9D76}.Debug|Any CPU.Build.0 = Debug|Any CPU
		{C5D0743E-A777-4B85-A74B-20BCB8CE9D76}.Release|Any CPU.ActiveCfg = Release|Any CPU
		{C5D0743E-A777-4B85-A74B-20BCB8CE9D76}.Release|Any CPU.Build.0 = Release|Any CPU
	EndGlobalSection
	GlobalSection(SolutionProperties) = preSolution
		HideSolutionNode = FALSE
	EndGlobalSection
	GlobalSection(ExtensibilityGlobals) = postSolution
		SolutionGuid = {A4A1BFB1-7B4C-4F32-AD16-ADCE2BD95497}
	EndGlobalSection
EndGlobal
